
Microsoft Visual Studio Solution File, Format Version 11.00
# Visual Studio 2010
Project("{FAE04EC0-301F-11D3-BF4B-00C04F79EFBC}") = "Hydrous.Host", "Hydrous.Host\Hydrous.Host.csproj", "{BE0FD8C0-7DF7-4199-94C9-918D378C543B}"
EndProject
Project("{FAE04EC0-301F-11D3-BF4B-00C04F79EFBC}") = "Hydrous.Hosting", "Hydrous.Hosting\Hydrous.Hosting.csproj", "{2D8678D8-76C9-4EE0-851C-A640C969967F}"
EndProject
Project("{FAE04EC0-301F-11D3-BF4B-00C04F79EFBC}") = "Hydrous.Hosting.Core", "Hydrous.Hosting.Core\Hydrous.Hosting.Core.csproj", "{0003448D-29AA-4E3A-88E6-C14F7FE996A2}"
EndProject
Project("{FAE04EC0-301F-11D3-BF4B-00C04F79EFBC}") = "Hydrous.Hosting.Tests", "Hydrous.Hosting.Tests\Hydrous.Hosting.Tests.csproj", "{EBD3C4B5-E57F-461C-BED8-B1B31F80B059}"
EndProject
Global
	GlobalSection(SolutionConfigurationPlatforms) = preSolution
		Debug|Any CPU = Debug|Any CPU
		Debug|Mixed Platforms = Debug|Mixed Platforms
		Debug|x64 = Debug|x64
		Debug|x86 = Debug|x86
		Release|Any CPU = Release|Any CPU
		Release|Mixed Platforms = Release|Mixed Platforms
		Release|x64 = Release|x64
		Release|x86 = Release|x86
	EndGlobalSection
	GlobalSection(ProjectConfigurationPlatforms) = postSolution
		{BE0FD8C0-7DF7-4199-94C9-918D378C543B}.Debug|Any CPU.ActiveCfg = Debug|x86
		{BE0FD8C0-7DF7-4199-94C9-918D378C543B}.Debug|Mixed Platforms.ActiveCfg = Debug|x86
		{BE0FD8C0-7DF7-4199-94C9-918D378C543B}.Debug|Mixed Platforms.Build.0 = Debug|x86
		{BE0FD8C0-7DF7-4199-94C9-918D378C543B}.Debug|x64.ActiveCfg = Debug|x86
		{BE0FD8C0-7DF7-4199-94C9-918D378C543B}.Debug|x64.Build.0 = Debug|x86
		{BE0FD8C0-7DF7-4199-94C9-918D378C543B}.Debug|x86.ActiveCfg = Debug|x86
		{BE0FD8C0-7DF7-4199-94C9-918D378C543B}.Debug|x86.Build.0 = Debug|x86
		{BE0FD8C0-7DF7-4199-94C9-918D378C543B}.Release|Any CPU.ActiveCfg = Release|x86
		{BE0FD8C0-7DF7-4199-94C9-918D378C543B}.Release|Mixed Platforms.ActiveCfg = Release|x86
		{BE0FD8C0-7DF7-4199-94C9-918D378C543B}.Release|Mixed Platforms.Build.0 = Release|x86
		{BE0FD8C0-7DF7-4199-94C9-918D378C543B}.Release|x64.ActiveCfg = Release|x64
		{BE0FD8C0-7DF7-4199-94C9-918D378C543B}.Release|x64.Build.0 = Release|x64
		{BE0FD8C0-7DF7-4199-94C9-918D378C543B}.Release|x86.ActiveCfg = Release|x86
		{BE0FD8C0-7DF7-4199-94C9-918D378C543B}.Release|x86.Build.0 = Release|x86
		{2D8678D8-76C9-4EE0-851C-A640C969967F}.Debug|Any CPU.ActiveCfg = Debug|Any CPU
		{2D8678D8-76C9-4EE0-851C-A640C969967F}.Debug|Any CPU.Build.0 = Debug|Any CPU
		{2D8678D8-76C9-4EE0-851C-A640C969967F}.Debug|Mixed Platforms.ActiveCfg = Debug|Any CPU
		{2D8678D8-76C9-4EE0-851C-A640C969967F}.Debug|Mixed Platforms.Build.0 = Debug|Any CPU
		{2D8678D8-76C9-4EE0-851C-A640C969967F}.Debug|x64.ActiveCfg = Debug|Any CPU
		{2D8678D8-76C9-4EE0-851C-A640C969967F}.Debug|x86.ActiveCfg = Debug|Any CPU
		{2D8678D8-76C9-4EE0-851C-A640C969967F}.Release|Any CPU.ActiveCfg = Release|Any CPU
		{2D8678D8-76C9-4EE0-851C-A640C969967F}.Release|Any CPU.Build.0 = Release|Any CPU
		{2D8678D8-76C9-4EE0-851C-A640C969967F}.Release|Mixed Platforms.ActiveCfg = Release|Any CPU
		{2D8678D8-76C9-4EE0-851C-A640C969967F}.Release|Mixed Platforms.Build.0 = Release|Any CPU
		{2D8678D8-76C9-4EE0-851C-A640C969967F}.Release|x64.ActiveCfg = Release|Any CPU
		{2D8678D8-76C9-4EE0-851C-A640C969967F}.Release|x86.ActiveCfg = Release|Any CPU
		{0003448D-29AA-4E3A-88E6-C14F7FE996A2}.Debug|Any CPU.ActiveCfg = Debug|Any CPU
		{0003448D-29AA-4E3A-88E6-C14F7FE996A2}.Debug|Any CPU.Build.0 = Debug|Any CPU
		{0003448D-29AA-4E3A-88E6-C14F7FE996A2}.Debug|Mixed Platforms.ActiveCfg = Debug|Any CPU
		{0003448D-29AA-4E3A-88E6-C14F7FE996A2}.Debug|Mixed Platforms.Build.0 = Debug|Any CPU
		{0003448D-29AA-4E3A-88E6-C14F7FE996A2}.Debug|x64.ActiveCfg = Debug|Any CPU
		{0003448D-29AA-4E3A-88E6-C14F7FE996A2}.Debug|x86.ActiveCfg = Debug|Any CPU
		{0003448D-29AA-4E3A-88E6-C14F7FE996A2}.Release|Any CPU.ActiveCfg = Release|Any CPU
		{0003448D-29AA-4E3A-88E6-C14F7FE996A2}.Release|Any CPU.Build.0 = Release|Any CPU
		{0003448D-29AA-4E3A-88E6-C14F7FE996A2}.Release|Mixed Platforms.ActiveCfg = Release|Any CPU
		{0003448D-29AA-4E3A-88E6-C14F7FE996A2}.Release|Mixed Platforms.Build.0 = Release|Any CPU
		{0003448D-29AA-4E3A-88E6-C14F7FE996A2}.Release|x64.ActiveCfg = Release|Any CPU
		{0003448D-29AA-4E3A-88E6-C14F7FE996A2}.Release|x86.ActiveCfg = Release|Any CPU
		{EBD3C4B5-E57F-461C-BED8-B1B31F80B059}.Debug|Any CPU.ActiveCfg = Debug|Any CPU
		{EBD3C4B5-E57F-461C-BED8-B1B31F80B059}.Debug|Any CPU.Build.0 = Debug|Any CPU
		{EBD3C4B5-E57F-461C-BED8-B1B31F80B059}.Debug|Mixed Platforms.ActiveCfg = Debug|Any CPU
		{EBD3C4B5-E57F-461C-BED8-B1B31F80B059}.Debug|Mixed Platforms.Build.0 = Debug|Any CPU
		{EBD3C4B5-E57F-461C-BED8-B1B31F80B059}.Debug|x64.ActiveCfg = Debug|Any CPU
		{EBD3C4B5-E57F-461C-BED8-B1B31F80B059}.Debug|x86.ActiveCfg = Debug|Any CPU
		{EBD3C4B5-E57F-461C-BED8-B1B31F80B059}.Release|Any CPU.ActiveCfg = Release|Any CPU
		{EBD3C4B5-E57F-461C-BED8-B1B31F80B059}.Release|Any CPU.Build.0 = Release|Any CPU
		{EBD3C4B5-E57F-461C-BED8-B1B31F80B059}.Release|Mixed Platforms.ActiveCfg = Release|Any CPU
		{EBD3C4B5-E57F-461C-BED8-B1B31F80B059}.Release|Mixed Platforms.Build.0 = Release|Any CPU
		{EBD3C4B5-E57F-461C-BED8-B1B31F80B059}.Release|x64.ActiveCfg = Release|Any CPU
		{EBD3C4B5-E57F-461C-BED8-B1B31F80B059}.Release|x86.ActiveCfg = Release|Any CPU
	EndGlobalSection
	GlobalSection(SolutionProperties) = preSolution
		HideSolutionNode = FALSE
	EndGlobalSection
EndGlobal
